
Microsoft Visual Studio Solution File, Format Version 12.00
# Visual Studio Version 16
VisualStudioVersion = 16.0.28803.156
MinimumVisualStudioVersion = 10.0.40219.1
Project("{2150E333-8FDC-42A3-9474-1A3956D46DE8}") = "Examples", "Examples", "{49C7015B-F41A-47A6-8200-B925902E74E9}"
EndProject
Project("{FAE04EC0-301F-11D3-BF4B-00C04F79EFBC}") = "Stocks", "examples\Stocks\Stocks.csproj", "{9E5D6B89-B69B-486B-9F7B-406BE8690589}"
EndProject
Project("{2150E333-8FDC-42A3-9474-1A3956D46DE8}") = ".nuget", ".nuget", "{5BD976ED-6E22-44A3-A5A1-D6C6633BAADD}"
	ProjectSection(SolutionItems) = preProject
		license.md = license.md
		LICENSE.txt = LICENSE.txt
		nuget\pack.ps1 = nuget\pack.ps1
		README.md = README.md
	EndProjectSection
EndProject
Project("{9A19103F-16F7-4668-BE54-9A1E7A4F7556}") = "SQLite.Net2", "src\SQLite.Net\SQLite.Net2.csproj", "{FE454822-5982-4327-AE8D-26819659DC9A}"
EndProject
Project("{9A19103F-16F7-4668-BE54-9A1E7A4F7556}") = "SQLite.Net2.Tests", "SQLite.Net.Tests\SQLite.Net2.Tests.csproj", "{C8A21AC1-D63B-4908-BE59-98F73D9C9061}"
EndProject
Project("{FAE04EC0-301F-11D3-BF4B-00C04F79EFBC}") = "SQLite.Net2.Tests.Deps", "SQLite.Net2.Tests.Deps\SQLite.Net2.Tests.Deps.csproj", "{026CA24B-9C13-40B0-AF73-EB4721DF5B7D}"
EndProject
Global
	GlobalSection(SolutionConfigurationPlatforms) = preSolution
		Debug|Any CPU = Debug|Any CPU
		Debug|ARM = Debug|ARM
		Debug|ARM64 = Debug|ARM64
		Debug|Mixed Platforms = Debug|Mixed Platforms
		Debug|x64 = Debug|x64
		Debug|x86 = Debug|x86
		Release|Any CPU = Release|Any CPU
		Release|ARM = Release|ARM
		Release|ARM64 = Release|ARM64
		Release|Mixed Platforms = Release|Mixed Platforms
		Release|x64 = Release|x64
		Release|x86 = Release|x86
	EndGlobalSection
	GlobalSection(ProjectConfigurationPlatforms) = postSolution
		{9E5D6B89-B69B-486B-9F7B-406BE8690589}.Debug|Any CPU.ActiveCfg = Debug|Any CPU
		{9E5D6B89-B69B-486B-9F7B-406BE8690589}.Debug|Any CPU.Build.0 = Debug|Any CPU
		{9E5D6B89-B69B-486B-9F7B-406BE8690589}.Debug|ARM.ActiveCfg = Debug|Any CPU
		{9E5D6B89-B69B-486B-9F7B-406BE8690589}.Debug|ARM64.ActiveCfg = Debug|Any CPU
		{9E5D6B89-B69B-486B-9F7B-406BE8690589}.Debug|Mixed Platforms.ActiveCfg = Debug|Any CPU
		{9E5D6B89-B69B-486B-9F7B-406BE8690589}.Debug|Mixed Platforms.Build.0 = Debug|Any CPU
		{9E5D6B89-B69B-486B-9F7B-406BE8690589}.Debug|x64.ActiveCfg = Debug|Any CPU
		{9E5D6B89-B69B-486B-9F7B-406BE8690589}.Debug|x86.ActiveCfg = Debug|Any CPU
		{9E5D6B89-B69B-486B-9F7B-406BE8690589}.Release|Any CPU.ActiveCfg = Release|Any CPU
		{9E5D6B89-B69B-486B-9F7B-406BE8690589}.Release|ARM.ActiveCfg = Release|Any CPU
		{9E5D6B89-B69B-486B-9F7B-406BE8690589}.Release|ARM64.ActiveCfg = Release|Any CPU
		{9E5D6B89-B69B-486B-9F7B-406BE8690589}.Release|Mixed Platforms.ActiveCfg = Release|Any CPU
		{9E5D6B89-B69B-486B-9F7B-406BE8690589}.Release|Mixed Platforms.Build.0 = Release|Any CPU
		{9E5D6B89-B69B-486B-9F7B-406BE8690589}.Release|x64.ActiveCfg = Release|Any CPU
		{9E5D6B89-B69B-486B-9F7B-406BE8690589}.Release|x86.ActiveCfg = Release|Any CPU
		{FE454822-5982-4327-AE8D-26819659DC9A}.Debug|Any CPU.ActiveCfg = Debug|Any CPU
		{FE454822-5982-4327-AE8D-26819659DC9A}.Debug|Any CPU.Build.0 = Debug|Any CPU
		{FE454822-5982-4327-AE8D-26819659DC9A}.Debug|ARM.ActiveCfg = Debug|Any CPU
		{FE454822-5982-4327-AE8D-26819659DC9A}.Debug|ARM.Build.0 = Debug|Any CPU
		{FE454822-5982-4327-AE8D-26819659DC9A}.Debug|ARM64.ActiveCfg = Debug|Any CPU
		{FE454822-5982-4327-AE8D-26819659DC9A}.Debug|ARM64.Build.0 = Debug|Any CPU
		{FE454822-5982-4327-AE8D-26819659DC9A}.Debug|Mixed Platforms.ActiveCfg = Debug|Any CPU
		{FE454822-5982-4327-AE8D-26819659DC9A}.Debug|Mixed Platforms.Build.0 = Debug|Any CPU
		{FE454822-5982-4327-AE8D-26819659DC9A}.Debug|x64.ActiveCfg = Debug|Any CPU
		{FE454822-5982-4327-AE8D-26819659DC9A}.Debug|x64.Build.0 = Debug|Any CPU
		{FE454822-5982-4327-AE8D-26819659DC9A}.Debug|x86.ActiveCfg = Debug|Any CPU
		{FE454822-5982-4327-AE8D-26819659DC9A}.Debug|x86.Build.0 = Debug|Any CPU
		{FE454822-5982-4327-AE8D-26819659DC9A}.Release|Any CPU.ActiveCfg = Release|Any CPU
		{FE454822-5982-4327-AE8D-26819659DC9A}.Release|Any CPU.Build.0 = Release|Any CPU
		{FE454822-5982-4327-AE8D-26819659DC9A}.Release|ARM.ActiveCfg = Release|Any CPU
		{FE454822-5982-4327-AE8D-26819659DC9A}.Release|ARM.Build.0 = Release|Any CPU
		{FE454822-5982-4327-AE8D-26819659DC9A}.Release|ARM64.ActiveCfg = Release|Any CPU
		{FE454822-5982-4327-AE8D-26819659DC9A}.Release|ARM64.Build.0 = Release|Any CPU
		{FE454822-5982-4327-AE8D-26819659DC9A}.Release|Mixed Platforms.ActiveCfg = Release|Any CPU
		{FE454822-5982-4327-AE8D-26819659DC9A}.Release|Mixed Platforms.Build.0 = Release|Any CPU
		{FE454822-5982-4327-AE8D-26819659DC9A}.Release|x64.ActiveCfg = Release|Any CPU
		{FE454822-5982-4327-AE8D-26819659DC9A}.Release|x64.Build.0 = Release|Any CPU
		{FE454822-5982-4327-AE8D-26819659DC9A}.Release|x86.ActiveCfg = Release|Any CPU
		{FE454822-5982-4327-AE8D-26819659DC9A}.Release|x86.Build.0 = Release|Any CPU
		{C8A21AC1-D63B-4908-BE59-98F73D9C9061}.Debug|Any CPU.ActiveCfg = Debug|Any CPU
		{C8A21AC1-D63B-4908-BE59-98F73D9C9061}.Debug|Any CPU.Build.0 = Debug|Any CPU
		{C8A21AC1-D63B-4908-BE59-98F73D9C9061}.Debug|ARM.ActiveCfg = Debug|Any CPU
		{C8A21AC1-D63B-4908-BE59-98F73D9C9061}.Debug|ARM.Build.0 = Debug|Any CPU
		{C8A21AC1-D63B-4908-BE59-98F73D9C9061}.Debug|ARM64.ActiveCfg = Debug|Any CPU
		{C8A21AC1-D63B-4908-BE59-98F73D9C9061}.Debug|ARM64.Build.0 = Debug|Any CPU
		{C8A21AC1-D63B-4908-BE59-98F73D9C9061}.Debug|Mixed Platforms.ActiveCfg = Debug|Any CPU
		{C8A21AC1-D63B-4908-BE59-98F73D9C9061}.Debug|Mixed Platforms.Build.0 = Debug|Any CPU
		{C8A21AC1-D63B-4908-BE59-98F73D9C9061}.Debug|x64.ActiveCfg = Debug|Any CPU
		{C8A21AC1-D63B-4908-BE59-98F73D9C9061}.Debug|x64.Build.0 = Debug|Any CPU
		{C8A21AC1-D63B-4908-BE59-98F73D9C9061}.Debug|x86.ActiveCfg = Debug|Any CPU
		{C8A21AC1-D63B-4908-BE59-98F73D9C9061}.Debug|x86.Build.0 = Debug|Any CPU
		{C8A21AC1-D63B-4908-BE59-98F73D9C9061}.Release|Any CPU.ActiveCfg = Release|Any CPU
		{C8A21AC1-D63B-4908-BE59-98F73D9C9061}.Release|ARM.ActiveCfg = Release|Any CPU
		{C8A21AC1-D63B-4908-BE59-98F73D9C9061}.Release|ARM.Build.0 = Release|Any CPU
		{C8A21AC1-D63B-4908-BE59-98F73D9C9061}.Release|ARM64.ActiveCfg = Release|Any CPU
		{C8A21AC1-D63B-4908-BE59-98F73D9C9061}.Release|ARM64.Build.0 = Release|Any CPU
		{C8A21AC1-D63B-4908-BE59-98F73D9C9061}.Release|Mixed Platforms.ActiveCfg = Release|Any CPU
		{C8A21AC1-D63B-4908-BE59-98F73D9C9061}.Release|Mixed Platforms.Build.0 = Release|Any CPU
		{C8A21AC1-D63B-4908-BE59-98F73D9C9061}.Release|x64.ActiveCfg = Release|Any CPU
		{C8A21AC1-D63B-4908-BE59-98F73D9C9061}.Release|x64.Build.0 = Release|Any CPU
		{C8A21AC1-D63B-4908-BE59-98F73D9C9061}.Release|x86.ActiveCfg = Release|Any CPU
		{C8A21AC1-D63B-4908-BE59-98F73D9C9061}.Release|x86.Build.0 = Release|Any CPU
		{026CA24B-9C13-40B0-AF73-EB4721DF5B7D}.Debug|Any CPU.ActiveCfg = Debug|Any CPU
		{026CA24B-9C13-40B0-AF73-EB4721DF5B7D}.Debug|Any CPU.Build.0 = Debug|Any CPU
		{026CA24B-9C13-40B0-AF73-EB4721DF5B7D}.Debug|ARM.ActiveCfg = Debug|Any CPU
		{026CA24B-9C13-40B0-AF73-EB4721DF5B7D}.Debug|ARM.Build.0 = Debug|Any CPU
		{026CA24B-9C13-40B0-AF73-EB4721DF5B7D}.Debug|ARM64.ActiveCfg = Debug|Any CPU
		{026CA24B-9C13-40B0-AF73-EB4721DF5B7D}.Debug|ARM64.Build.0 = Debug|Any CPU
		{026CA24B-9C13-40B0-AF73-EB4721DF5B7D}.Debug|Mixed Platforms.ActiveCfg = Debug|Any CPU
		{026CA24B-9C13-40B0-AF73-EB4721DF5B7D}.Debug|Mixed Platforms.Build.0 = Debug|Any CPU
		{026CA24B-9C13-40B0-AF73-EB4721DF5B7D}.Debug|x64.ActiveCfg = Debug|Any CPU
		{026CA24B-9C13-40B0-AF73-EB4721DF5B7D}.Debug|x64.Build.0 = Debug|Any CPU
		{026CA24B-9C13-40B0-AF73-EB4721DF5B7D}.Debug|x86.ActiveCfg = Debug|Any CPU
		{026CA24B-9C13-40B0-AF73-EB4721DF5B7D}.Debug|x86.Build.0 = Debug|Any CPU
		{026CA24B-9C13-40B0-AF73-EB4721DF5B7D}.Release|Any CPU.ActiveCfg = Release|Any CPU
		{026CA24B-9C13-40B0-AF73-EB4721DF5B7D}.Release|Any CPU.Build.0 = Release|Any CPU
		{026CA24B-9C13-40B0-AF73-EB4721DF5B7D}.Release|ARM.ActiveCfg = Release|Any CPU
		{026CA24B-9C13-40B0-AF73-EB4721DF5B7D}.Release|ARM.Build.0 = Release|Any CPU
		{026CA24B-9C13-40B0-AF73-EB4721DF5B7D}.Release|ARM64.ActiveCfg = Release|Any CPU
		{026CA24B-9C13-40B0-AF73-EB4721DF5B7D}.Release|ARM64.Build.0 = Release|Any CPU
		{026CA24B-9C13-40B0-AF73-EB4721DF5B7D}.Release|Mixed Platforms.ActiveCfg = Release|Any CPU
		{026CA24B-9C13-40B0-AF73-EB4721DF5B7D}.Release|Mixed Platforms.Build.0 = Release|Any CPU
		{026CA24B-9C13-40B0-AF73-EB4721DF5B7D}.Release|x64.ActiveCfg = Release|Any CPU
		{026CA24B-9C13-40B0-AF73-EB4721DF5B7D}.Release|x64.Build.0 = Release|Any CPU
		{026CA24B-9C13-40B0-AF73-EB4721DF5B7D}.Release|x86.ActiveCfg = Release|Any CPU
		{026CA24B-9C13-40B0-AF73-EB4721DF5B7D}.Release|x86.Build.0 = Release|Any CPU
	EndGlobalSection
	GlobalSection(SolutionProperties) = preSolution
		HideSolutionNode = FALSE
	EndGlobalSection
	GlobalSection(NestedProjects) = preSolution
		{9E5D6B89-B69B-486B-9F7B-406BE8690589} = {49C7015B-F41A-47A6-8200-B925902E74E9}
	EndGlobalSection
	GlobalSection(ExtensibilityGlobals) = postSolution
		SolutionGuid = {ED68D56C-F9AF-45E9-9609-E8CABC16A3E2}
	EndGlobalSection
EndGlobal
