
Microsoft Visual Studio Solution File, Format Version 12.00
# Visual Studio Version 16
VisualStudioVersion = 16.0.28803.156
MinimumVisualStudioVersion = 10.0.40219.1
Project("{2150E333-8FDC-42A3-9474-1A3956D46DE8}") = "Platforms", "Platforms", "{59584026-7610-4CD5-A74E-D2B0A2E1CE87}"
EndProject
Project("{FAE04EC0-301F-11D3-BF4B-00C04F79EFBC}") = "SQLite.Net.Platform.Win32", "src\SQLite.Net.Platform.Win32\SQLite.Net.Platform.Win32.csproj", "{03799AD1-9FCF-48CB-8E6E-B233DF583B10}"
EndProject
Project("{FAE04EC0-301F-11D3-BF4B-00C04F79EFBC}") = "SQLite.Net.Platform.XamarinAndroid", "src\SQLite.Net.Platform.XamarinAndroid\SQLite.Net.Platform.XamarinAndroid.csproj", "{219700F0-5444-4250-87D6-0551B39CA402}"
EndProject
Project("{FAE04EC0-301F-11D3-BF4B-00C04F79EFBC}") = "SQLite.Net.Platform.Generic", "src\SQLite.Net.Platform.Generic\SQLite.Net.Platform.Generic.csproj", "{F662E15A-8753-468E-A67E-3FCF45F12B89}"
EndProject
Project("{FAE04EC0-301F-11D3-BF4B-00C04F79EFBC}") = "SQLite.Net.Platform.XamarinIOS.Unified", "src\SQLite.Net.Platform.XamarinIOS.Unified\SQLite.Net.Platform.XamarinIOS.Unified.csproj", "{3173703F-8B1F-4772-9AE3-44913F413FB1}"
EndProject
Project("{FAE04EC0-301F-11D3-BF4B-00C04F79EFBC}") = "SQLite.Net.Platform.OSX", "src\SQLite.Net.Platform.OSX\SQLite.Net.Platform.OSX.csproj", "{03799AD1-9FCF-48CB-8E6E-B233DF583B11}"
EndProject
Project("{2150E333-8FDC-42A3-9474-1A3956D46DE8}") = "Tests", "Tests", "{0C4021EF-617B-4620-ADD3-A702B4F9FA86}"
EndProject
Project("{FAE04EC0-301F-11D3-BF4B-00C04F79EFBC}") = "SQLite.Net.Tests.Generic", "tests\SQLite.Net.Tests.Generic\SQLite.Net.Tests.Generic.csproj", "{C129735F-5D4B-40BE-9410-F43E548FFF5E}"
EndProject
Project("{2150E333-8FDC-42A3-9474-1A3956D46DE8}") = "Examples", "Examples", "{49C7015B-F41A-47A6-8200-B925902E74E9}"
EndProject
Project("{FAE04EC0-301F-11D3-BF4B-00C04F79EFBC}") = "Stocks", "examples\Stocks\Stocks.csproj", "{9E5D6B89-B69B-486B-9F7B-406BE8690589}"
EndProject
Project("{2150E333-8FDC-42A3-9474-1A3956D46DE8}") = ".nuget", ".nuget", "{5BD976ED-6E22-44A3-A5A1-D6C6633BAADD}"
	ProjectSection(SolutionItems) = preProject
		nuget\build.bat = nuget\build.bat
		nuget\SQLite.Net.nuspec = nuget\SQLite.Net.nuspec
	EndProjectSection
EndProject
Project("{9A19103F-16F7-4668-BE54-9A1E7A4F7556}") = "SQLite.Net.Platform.NetCore", "src\SQLite.Net.Platform.NetCore\SQLite.Net.Platform.NetCore.csproj", "{55545FAB-9C8F-4901-995B-0DDE208F6A54}"
EndProject
Project("{9A19103F-16F7-4668-BE54-9A1E7A4F7556}") = "SQLite.Net", "src\SQLite.Net\SQLite.Net.csproj", "{FE454822-5982-4327-AE8D-26819659DC9A}"
EndProject
Project("{FAE04EC0-301F-11D3-BF4B-00C04F79EFBC}") = "SQLite.Net.Platform.Uwp", "src\SQLite.Net.Platform.Uwp\SQLite.Net.Platform.Uwp.csproj", "{548A9CCA-F7D5-4548-B178-BE34E3CE1FA8}"
EndProject
Global
	GlobalSection(SolutionConfigurationPlatforms) = preSolution
		Debug|Any CPU = Debug|Any CPU
		Debug|ARM = Debug|ARM
		Debug|ARM64 = Debug|ARM64
		Debug|Mixed Platforms = Debug|Mixed Platforms
		Debug|x64 = Debug|x64
		Debug|x86 = Debug|x86
		Release|Any CPU = Release|Any CPU
		Release|ARM = Release|ARM
		Release|ARM64 = Release|ARM64
		Release|Mixed Platforms = Release|Mixed Platforms
		Release|x64 = Release|x64
		Release|x86 = Release|x86
	EndGlobalSection
	GlobalSection(ProjectConfigurationPlatforms) = postSolution
		{03799AD1-9FCF-48CB-8E6E-B233DF583B10}.Debug|Any CPU.ActiveCfg = Debug|Any CPU
		{03799AD1-9FCF-48CB-8E6E-B233DF583B10}.Debug|Any CPU.Build.0 = Debug|Any CPU
		{03799AD1-9FCF-48CB-8E6E-B233DF583B10}.Debug|ARM.ActiveCfg = Debug|Any CPU
		{03799AD1-9FCF-48CB-8E6E-B233DF583B10}.Debug|ARM64.ActiveCfg = Debug|Any CPU
		{03799AD1-9FCF-48CB-8E6E-B233DF583B10}.Debug|ARM64.Build.0 = Debug|Any CPU
		{03799AD1-9FCF-48CB-8E6E-B233DF583B10}.Debug|Mixed Platforms.ActiveCfg = Debug|Any CPU
		{03799AD1-9FCF-48CB-8E6E-B233DF583B10}.Debug|Mixed Platforms.Build.0 = Debug|Any CPU
		{03799AD1-9FCF-48CB-8E6E-B233DF583B10}.Debug|x64.ActiveCfg = Debug|Any CPU
		{03799AD1-9FCF-48CB-8E6E-B233DF583B10}.Debug|x86.ActiveCfg = Debug|Any CPU
		{03799AD1-9FCF-48CB-8E6E-B233DF583B10}.Release|Any CPU.ActiveCfg = Release|Any CPU
		{03799AD1-9FCF-48CB-8E6E-B233DF583B10}.Release|Any CPU.Build.0 = Release|Any CPU
		{03799AD1-9FCF-48CB-8E6E-B233DF583B10}.Release|ARM.ActiveCfg = Release|Any CPU
		{03799AD1-9FCF-48CB-8E6E-B233DF583B10}.Release|ARM64.ActiveCfg = Release|Any CPU
		{03799AD1-9FCF-48CB-8E6E-B233DF583B10}.Release|ARM64.Build.0 = Release|Any CPU
		{03799AD1-9FCF-48CB-8E6E-B233DF583B10}.Release|Mixed Platforms.ActiveCfg = Release|Any CPU
		{03799AD1-9FCF-48CB-8E6E-B233DF583B10}.Release|Mixed Platforms.Build.0 = Release|Any CPU
		{03799AD1-9FCF-48CB-8E6E-B233DF583B10}.Release|x64.ActiveCfg = Release|Any CPU
		{03799AD1-9FCF-48CB-8E6E-B233DF583B10}.Release|x86.ActiveCfg = Release|Any CPU
		{219700F0-5444-4250-87D6-0551B39CA402}.Debug|Any CPU.ActiveCfg = Debug|Any CPU
		{219700F0-5444-4250-87D6-0551B39CA402}.Debug|Any CPU.Build.0 = Debug|Any CPU
		{219700F0-5444-4250-87D6-0551B39CA402}.Debug|ARM.ActiveCfg = Debug|Any CPU
		{219700F0-5444-4250-87D6-0551B39CA402}.Debug|ARM64.ActiveCfg = Debug|Any CPU
		{219700F0-5444-4250-87D6-0551B39CA402}.Debug|ARM64.Build.0 = Debug|Any CPU
		{219700F0-5444-4250-87D6-0551B39CA402}.Debug|Mixed Platforms.ActiveCfg = Debug|Any CPU
		{219700F0-5444-4250-87D6-0551B39CA402}.Debug|Mixed Platforms.Build.0 = Debug|Any CPU
		{219700F0-5444-4250-87D6-0551B39CA402}.Debug|x64.ActiveCfg = Debug|Any CPU
		{219700F0-5444-4250-87D6-0551B39CA402}.Debug|x86.ActiveCfg = Debug|Any CPU
		{219700F0-5444-4250-87D6-0551B39CA402}.Release|Any CPU.ActiveCfg = Release|Any CPU
		{219700F0-5444-4250-87D6-0551B39CA402}.Release|Any CPU.Build.0 = Release|Any CPU
		{219700F0-5444-4250-87D6-0551B39CA402}.Release|ARM.ActiveCfg = Release|Any CPU
		{219700F0-5444-4250-87D6-0551B39CA402}.Release|ARM64.ActiveCfg = Release|Any CPU
		{219700F0-5444-4250-87D6-0551B39CA402}.Release|ARM64.Build.0 = Release|Any CPU
		{219700F0-5444-4250-87D6-0551B39CA402}.Release|Mixed Platforms.ActiveCfg = Release|Any CPU
		{219700F0-5444-4250-87D6-0551B39CA402}.Release|Mixed Platforms.Build.0 = Release|Any CPU
		{219700F0-5444-4250-87D6-0551B39CA402}.Release|x64.ActiveCfg = Release|Any CPU
		{219700F0-5444-4250-87D6-0551B39CA402}.Release|x86.ActiveCfg = Release|Any CPU
		{F662E15A-8753-468E-A67E-3FCF45F12B89}.Debug|Any CPU.ActiveCfg = Debug|Any CPU
		{F662E15A-8753-468E-A67E-3FCF45F12B89}.Debug|Any CPU.Build.0 = Debug|Any CPU
		{F662E15A-8753-468E-A67E-3FCF45F12B89}.Debug|ARM.ActiveCfg = Debug|Any CPU
		{F662E15A-8753-468E-A67E-3FCF45F12B89}.Debug|ARM64.ActiveCfg = Debug|Any CPU
		{F662E15A-8753-468E-A67E-3FCF45F12B89}.Debug|ARM64.Build.0 = Debug|Any CPU
		{F662E15A-8753-468E-A67E-3FCF45F12B89}.Debug|Mixed Platforms.ActiveCfg = Debug|Any CPU
		{F662E15A-8753-468E-A67E-3FCF45F12B89}.Debug|Mixed Platforms.Build.0 = Debug|Any CPU
		{F662E15A-8753-468E-A67E-3FCF45F12B89}.Debug|x64.ActiveCfg = Debug|Any CPU
		{F662E15A-8753-468E-A67E-3FCF45F12B89}.Debug|x86.ActiveCfg = Debug|Any CPU
		{F662E15A-8753-468E-A67E-3FCF45F12B89}.Release|Any CPU.ActiveCfg = Release|Any CPU
		{F662E15A-8753-468E-A67E-3FCF45F12B89}.Release|Any CPU.Build.0 = Release|Any CPU
		{F662E15A-8753-468E-A67E-3FCF45F12B89}.Release|ARM.ActiveCfg = Release|Any CPU
		{F662E15A-8753-468E-A67E-3FCF45F12B89}.Release|ARM64.ActiveCfg = Release|Any CPU
		{F662E15A-8753-468E-A67E-3FCF45F12B89}.Release|ARM64.Build.0 = Release|Any CPU
		{F662E15A-8753-468E-A67E-3FCF45F12B89}.Release|Mixed Platforms.ActiveCfg = Release|Any CPU
		{F662E15A-8753-468E-A67E-3FCF45F12B89}.Release|Mixed Platforms.Build.0 = Release|Any CPU
		{F662E15A-8753-468E-A67E-3FCF45F12B89}.Release|x64.ActiveCfg = Release|Any CPU
		{F662E15A-8753-468E-A67E-3FCF45F12B89}.Release|x86.ActiveCfg = Release|Any CPU
		{3173703F-8B1F-4772-9AE3-44913F413FB1}.Debug|Any CPU.ActiveCfg = Debug|Any CPU
		{3173703F-8B1F-4772-9AE3-44913F413FB1}.Debug|Any CPU.Build.0 = Debug|Any CPU
		{3173703F-8B1F-4772-9AE3-44913F413FB1}.Debug|ARM.ActiveCfg = Debug|Any CPU
		{3173703F-8B1F-4772-9AE3-44913F413FB1}.Debug|ARM64.ActiveCfg = Debug|Any CPU
		{3173703F-8B1F-4772-9AE3-44913F413FB1}.Debug|ARM64.Build.0 = Debug|Any CPU
		{3173703F-8B1F-4772-9AE3-44913F413FB1}.Debug|Mixed Platforms.ActiveCfg = Debug|Any CPU
		{3173703F-8B1F-4772-9AE3-44913F413FB1}.Debug|Mixed Platforms.Build.0 = Debug|Any CPU
		{3173703F-8B1F-4772-9AE3-44913F413FB1}.Debug|x64.ActiveCfg = Debug|Any CPU
		{3173703F-8B1F-4772-9AE3-44913F413FB1}.Debug|x86.ActiveCfg = Debug|Any CPU
		{3173703F-8B1F-4772-9AE3-44913F413FB1}.Release|Any CPU.ActiveCfg = Release|Any CPU
		{3173703F-8B1F-4772-9AE3-44913F413FB1}.Release|Any CPU.Build.0 = Release|Any CPU
		{3173703F-8B1F-4772-9AE3-44913F413FB1}.Release|ARM.ActiveCfg = Release|Any CPU
		{3173703F-8B1F-4772-9AE3-44913F413FB1}.Release|ARM64.ActiveCfg = Release|Any CPU
		{3173703F-8B1F-4772-9AE3-44913F413FB1}.Release|ARM64.Build.0 = Release|Any CPU
		{3173703F-8B1F-4772-9AE3-44913F413FB1}.Release|Mixed Platforms.ActiveCfg = Release|Any CPU
		{3173703F-8B1F-4772-9AE3-44913F413FB1}.Release|Mixed Platforms.Build.0 = Release|Any CPU
		{3173703F-8B1F-4772-9AE3-44913F413FB1}.Release|x64.ActiveCfg = Release|Any CPU
		{3173703F-8B1F-4772-9AE3-44913F413FB1}.Release|x86.ActiveCfg = Release|Any CPU
		{03799AD1-9FCF-48CB-8E6E-B233DF583B11}.Debug|Any CPU.ActiveCfg = Debug|Any CPU
		{03799AD1-9FCF-48CB-8E6E-B233DF583B11}.Debug|Any CPU.Build.0 = Debug|Any CPU
		{03799AD1-9FCF-48CB-8E6E-B233DF583B11}.Debug|ARM.ActiveCfg = Debug|Any CPU
		{03799AD1-9FCF-48CB-8E6E-B233DF583B11}.Debug|ARM.Build.0 = Debug|Any CPU
		{03799AD1-9FCF-48CB-8E6E-B233DF583B11}.Debug|ARM64.ActiveCfg = Debug|Any CPU
		{03799AD1-9FCF-48CB-8E6E-B233DF583B11}.Debug|ARM64.Build.0 = Debug|Any CPU
		{03799AD1-9FCF-48CB-8E6E-B233DF583B11}.Debug|Mixed Platforms.ActiveCfg = Debug|Any CPU
		{03799AD1-9FCF-48CB-8E6E-B233DF583B11}.Debug|Mixed Platforms.Build.0 = Debug|Any CPU
		{03799AD1-9FCF-48CB-8E6E-B233DF583B11}.Debug|x64.ActiveCfg = Debug|Any CPU
		{03799AD1-9FCF-48CB-8E6E-B233DF583B11}.Debug|x64.Build.0 = Debug|Any CPU
		{03799AD1-9FCF-48CB-8E6E-B233DF583B11}.Debug|x86.ActiveCfg = Debug|Any CPU
		{03799AD1-9FCF-48CB-8E6E-B233DF583B11}.Debug|x86.Build.0 = Debug|Any CPU
		{03799AD1-9FCF-48CB-8E6E-B233DF583B11}.Release|Any CPU.ActiveCfg = Release|Any CPU
		{03799AD1-9FCF-48CB-8E6E-B233DF583B11}.Release|ARM.ActiveCfg = Release|Any CPU
		{03799AD1-9FCF-48CB-8E6E-B233DF583B11}.Release|ARM.Build.0 = Release|Any CPU
		{03799AD1-9FCF-48CB-8E6E-B233DF583B11}.Release|ARM64.ActiveCfg = Release|Any CPU
		{03799AD1-9FCF-48CB-8E6E-B233DF583B11}.Release|ARM64.Build.0 = Release|Any CPU
		{03799AD1-9FCF-48CB-8E6E-B233DF583B11}.Release|Mixed Platforms.ActiveCfg = Release|Any CPU
		{03799AD1-9FCF-48CB-8E6E-B233DF583B11}.Release|Mixed Platforms.Build.0 = Release|Any CPU
		{03799AD1-9FCF-48CB-8E6E-B233DF583B11}.Release|x64.ActiveCfg = Release|Any CPU
		{03799AD1-9FCF-48CB-8E6E-B233DF583B11}.Release|x64.Build.0 = Release|Any CPU
		{03799AD1-9FCF-48CB-8E6E-B233DF583B11}.Release|x86.ActiveCfg = Release|Any CPU
		{03799AD1-9FCF-48CB-8E6E-B233DF583B11}.Release|x86.Build.0 = Release|Any CPU
		{C129735F-5D4B-40BE-9410-F43E548FFF5E}.Debug|Any CPU.ActiveCfg = Debug|Any CPU
		{C129735F-5D4B-40BE-9410-F43E548FFF5E}.Debug|Any CPU.Build.0 = Debug|Any CPU
		{C129735F-5D4B-40BE-9410-F43E548FFF5E}.Debug|ARM.ActiveCfg = Debug|Any CPU
		{C129735F-5D4B-40BE-9410-F43E548FFF5E}.Debug|ARM64.ActiveCfg = Debug|Any CPU
		{C129735F-5D4B-40BE-9410-F43E548FFF5E}.Debug|Mixed Platforms.ActiveCfg = Debug|Any CPU
		{C129735F-5D4B-40BE-9410-F43E548FFF5E}.Debug|Mixed Platforms.Build.0 = Debug|Any CPU
		{C129735F-5D4B-40BE-9410-F43E548FFF5E}.Debug|x64.ActiveCfg = Debug|Any CPU
		{C129735F-5D4B-40BE-9410-F43E548FFF5E}.Debug|x86.ActiveCfg = Debug|Any CPU
		{C129735F-5D4B-40BE-9410-F43E548FFF5E}.Release|Any CPU.ActiveCfg = Release|Any CPU
		{C129735F-5D4B-40BE-9410-F43E548FFF5E}.Release|ARM.ActiveCfg = Release|Any CPU
		{C129735F-5D4B-40BE-9410-F43E548FFF5E}.Release|ARM64.ActiveCfg = Release|Any CPU
		{C129735F-5D4B-40BE-9410-F43E548FFF5E}.Release|Mixed Platforms.ActiveCfg = Release|Any CPU
		{C129735F-5D4B-40BE-9410-F43E548FFF5E}.Release|Mixed Platforms.Build.0 = Release|Any CPU
		{C129735F-5D4B-40BE-9410-F43E548FFF5E}.Release|x64.ActiveCfg = Release|Any CPU
		{C129735F-5D4B-40BE-9410-F43E548FFF5E}.Release|x86.ActiveCfg = Release|Any CPU
		{9E5D6B89-B69B-486B-9F7B-406BE8690589}.Debug|Any CPU.ActiveCfg = Debug|Any CPU
		{9E5D6B89-B69B-486B-9F7B-406BE8690589}.Debug|Any CPU.Build.0 = Debug|Any CPU
		{9E5D6B89-B69B-486B-9F7B-406BE8690589}.Debug|ARM.ActiveCfg = Debug|Any CPU
		{9E5D6B89-B69B-486B-9F7B-406BE8690589}.Debug|ARM64.ActiveCfg = Debug|Any CPU
		{9E5D6B89-B69B-486B-9F7B-406BE8690589}.Debug|Mixed Platforms.ActiveCfg = Debug|Any CPU
		{9E5D6B89-B69B-486B-9F7B-406BE8690589}.Debug|Mixed Platforms.Build.0 = Debug|Any CPU
		{9E5D6B89-B69B-486B-9F7B-406BE8690589}.Debug|x64.ActiveCfg = Debug|Any CPU
		{9E5D6B89-B69B-486B-9F7B-406BE8690589}.Debug|x86.ActiveCfg = Debug|Any CPU
		{9E5D6B89-B69B-486B-9F7B-406BE8690589}.Release|Any CPU.ActiveCfg = Release|Any CPU
		{9E5D6B89-B69B-486B-9F7B-406BE8690589}.Release|ARM.ActiveCfg = Release|Any CPU
		{9E5D6B89-B69B-486B-9F7B-406BE8690589}.Release|ARM64.ActiveCfg = Release|Any CPU
		{9E5D6B89-B69B-486B-9F7B-406BE8690589}.Release|Mixed Platforms.ActiveCfg = Release|Any CPU
		{9E5D6B89-B69B-486B-9F7B-406BE8690589}.Release|Mixed Platforms.Build.0 = Release|Any CPU
		{9E5D6B89-B69B-486B-9F7B-406BE8690589}.Release|x64.ActiveCfg = Release|Any CPU
		{9E5D6B89-B69B-486B-9F7B-406BE8690589}.Release|x86.ActiveCfg = Release|Any CPU
		{55545FAB-9C8F-4901-995B-0DDE208F6A54}.Debug|Any CPU.ActiveCfg = Debug|Any CPU
		{55545FAB-9C8F-4901-995B-0DDE208F6A54}.Debug|Any CPU.Build.0 = Debug|Any CPU
		{55545FAB-9C8F-4901-995B-0DDE208F6A54}.Debug|ARM.ActiveCfg = Debug|Any CPU
		{55545FAB-9C8F-4901-995B-0DDE208F6A54}.Debug|ARM.Build.0 = Debug|Any CPU
		{55545FAB-9C8F-4901-995B-0DDE208F6A54}.Debug|ARM64.ActiveCfg = Debug|Any CPU
		{55545FAB-9C8F-4901-995B-0DDE208F6A54}.Debug|ARM64.Build.0 = Debug|Any CPU
		{55545FAB-9C8F-4901-995B-0DDE208F6A54}.Debug|Mixed Platforms.ActiveCfg = Debug|Any CPU
		{55545FAB-9C8F-4901-995B-0DDE208F6A54}.Debug|Mixed Platforms.Build.0 = Debug|Any CPU
		{55545FAB-9C8F-4901-995B-0DDE208F6A54}.Debug|x64.ActiveCfg = Debug|Any CPU
		{55545FAB-9C8F-4901-995B-0DDE208F6A54}.Debug|x64.Build.0 = Debug|Any CPU
		{55545FAB-9C8F-4901-995B-0DDE208F6A54}.Debug|x86.ActiveCfg = Debug|Any CPU
		{55545FAB-9C8F-4901-995B-0DDE208F6A54}.Debug|x86.Build.0 = Debug|Any CPU
		{55545FAB-9C8F-4901-995B-0DDE208F6A54}.Release|Any CPU.ActiveCfg = Release|Any CPU
		{55545FAB-9C8F-4901-995B-0DDE208F6A54}.Release|Any CPU.Build.0 = Release|Any CPU
		{55545FAB-9C8F-4901-995B-0DDE208F6A54}.Release|ARM.ActiveCfg = Release|Any CPU
		{55545FAB-9C8F-4901-995B-0DDE208F6A54}.Release|ARM.Build.0 = Release|Any CPU
		{55545FAB-9C8F-4901-995B-0DDE208F6A54}.Release|ARM64.ActiveCfg = Release|Any CPU
		{55545FAB-9C8F-4901-995B-0DDE208F6A54}.Release|ARM64.Build.0 = Release|Any CPU
		{55545FAB-9C8F-4901-995B-0DDE208F6A54}.Release|Mixed Platforms.ActiveCfg = Release|Any CPU
		{55545FAB-9C8F-4901-995B-0DDE208F6A54}.Release|Mixed Platforms.Build.0 = Release|Any CPU
		{55545FAB-9C8F-4901-995B-0DDE208F6A54}.Release|x64.ActiveCfg = Release|Any CPU
		{55545FAB-9C8F-4901-995B-0DDE208F6A54}.Release|x64.Build.0 = Release|Any CPU
		{55545FAB-9C8F-4901-995B-0DDE208F6A54}.Release|x86.ActiveCfg = Release|Any CPU
		{55545FAB-9C8F-4901-995B-0DDE208F6A54}.Release|x86.Build.0 = Release|Any CPU
		{FE454822-5982-4327-AE8D-26819659DC9A}.Debug|Any CPU.ActiveCfg = Debug|Any CPU
		{FE454822-5982-4327-AE8D-26819659DC9A}.Debug|Any CPU.Build.0 = Debug|Any CPU
		{FE454822-5982-4327-AE8D-26819659DC9A}.Debug|ARM.ActiveCfg = Debug|Any CPU
		{FE454822-5982-4327-AE8D-26819659DC9A}.Debug|ARM.Build.0 = Debug|Any CPU
		{FE454822-5982-4327-AE8D-26819659DC9A}.Debug|ARM64.ActiveCfg = Debug|Any CPU
		{FE454822-5982-4327-AE8D-26819659DC9A}.Debug|ARM64.Build.0 = Debug|Any CPU
		{FE454822-5982-4327-AE8D-26819659DC9A}.Debug|Mixed Platforms.ActiveCfg = Debug|Any CPU
		{FE454822-5982-4327-AE8D-26819659DC9A}.Debug|Mixed Platforms.Build.0 = Debug|Any CPU
		{FE454822-5982-4327-AE8D-26819659DC9A}.Debug|x64.ActiveCfg = Debug|Any CPU
		{FE454822-5982-4327-AE8D-26819659DC9A}.Debug|x64.Build.0 = Debug|Any CPU
		{FE454822-5982-4327-AE8D-26819659DC9A}.Debug|x86.ActiveCfg = Debug|Any CPU
		{FE454822-5982-4327-AE8D-26819659DC9A}.Debug|x86.Build.0 = Debug|Any CPU
		{FE454822-5982-4327-AE8D-26819659DC9A}.Release|Any CPU.ActiveCfg = Release|Any CPU
		{FE454822-5982-4327-AE8D-26819659DC9A}.Release|Any CPU.Build.0 = Release|Any CPU
		{FE454822-5982-4327-AE8D-26819659DC9A}.Release|ARM.ActiveCfg = Release|Any CPU
		{FE454822-5982-4327-AE8D-26819659DC9A}.Release|ARM.Build.0 = Release|Any CPU
		{FE454822-5982-4327-AE8D-26819659DC9A}.Release|ARM64.ActiveCfg = Release|Any CPU
		{FE454822-5982-4327-AE8D-26819659DC9A}.Release|ARM64.Build.0 = Release|Any CPU
		{FE454822-5982-4327-AE8D-26819659DC9A}.Release|Mixed Platforms.ActiveCfg = Release|Any CPU
		{FE454822-5982-4327-AE8D-26819659DC9A}.Release|Mixed Platforms.Build.0 = Release|Any CPU
		{FE454822-5982-4327-AE8D-26819659DC9A}.Release|x64.ActiveCfg = Release|Any CPU
		{FE454822-5982-4327-AE8D-26819659DC9A}.Release|x64.Build.0 = Release|Any CPU
		{FE454822-5982-4327-AE8D-26819659DC9A}.Release|x86.ActiveCfg = Release|Any CPU
		{FE454822-5982-4327-AE8D-26819659DC9A}.Release|x86.Build.0 = Release|Any CPU
		{548A9CCA-F7D5-4548-B178-BE34E3CE1FA8}.Debug|Any CPU.ActiveCfg = Debug|Any CPU
		{548A9CCA-F7D5-4548-B178-BE34E3CE1FA8}.Debug|Any CPU.Build.0 = Debug|Any CPU
		{548A9CCA-F7D5-4548-B178-BE34E3CE1FA8}.Debug|ARM.ActiveCfg = Debug|ARM
		{548A9CCA-F7D5-4548-B178-BE34E3CE1FA8}.Debug|ARM.Build.0 = Debug|ARM
		{548A9CCA-F7D5-4548-B178-BE34E3CE1FA8}.Debug|ARM64.ActiveCfg = Debug|ARM64
		{548A9CCA-F7D5-4548-B178-BE34E3CE1FA8}.Debug|ARM64.Build.0 = Debug|ARM64
		{548A9CCA-F7D5-4548-B178-BE34E3CE1FA8}.Debug|Mixed Platforms.ActiveCfg = Debug|x86
		{548A9CCA-F7D5-4548-B178-BE34E3CE1FA8}.Debug|Mixed Platforms.Build.0 = Debug|x86
		{548A9CCA-F7D5-4548-B178-BE34E3CE1FA8}.Debug|x64.ActiveCfg = Debug|x64
		{548A9CCA-F7D5-4548-B178-BE34E3CE1FA8}.Debug|x64.Build.0 = Debug|x64
		{548A9CCA-F7D5-4548-B178-BE34E3CE1FA8}.Debug|x86.ActiveCfg = Debug|x86
		{548A9CCA-F7D5-4548-B178-BE34E3CE1FA8}.Debug|x86.Build.0 = Debug|x86
		{548A9CCA-F7D5-4548-B178-BE34E3CE1FA8}.Release|Any CPU.ActiveCfg = Release|Any CPU
		{548A9CCA-F7D5-4548-B178-BE34E3CE1FA8}.Release|Any CPU.Build.0 = Release|Any CPU
		{548A9CCA-F7D5-4548-B178-BE34E3CE1FA8}.Release|ARM.ActiveCfg = Release|ARM
		{548A9CCA-F7D5-4548-B178-BE34E3CE1FA8}.Release|ARM.Build.0 = Release|ARM
		{548A9CCA-F7D5-4548-B178-BE34E3CE1FA8}.Release|ARM64.ActiveCfg = Release|ARM64
		{548A9CCA-F7D5-4548-B178-BE34E3CE1FA8}.Release|ARM64.Build.0 = Release|ARM64
		{548A9CCA-F7D5-4548-B178-BE34E3CE1FA8}.Release|Mixed Platforms.ActiveCfg = Release|x86
		{548A9CCA-F7D5-4548-B178-BE34E3CE1FA8}.Release|Mixed Platforms.Build.0 = Release|x86
		{548A9CCA-F7D5-4548-B178-BE34E3CE1FA8}.Release|x64.ActiveCfg = Release|x64
		{548A9CCA-F7D5-4548-B178-BE34E3CE1FA8}.Release|x64.Build.0 = Release|x64
		{548A9CCA-F7D5-4548-B178-BE34E3CE1FA8}.Release|x86.ActiveCfg = Release|x86
		{548A9CCA-F7D5-4548-B178-BE34E3CE1FA8}.Release|x86.Build.0 = Release|x86
	EndGlobalSection
	GlobalSection(SolutionProperties) = preSolution
		HideSolutionNode = FALSE
	EndGlobalSection
	GlobalSection(NestedProjects) = preSolution
		{03799AD1-9FCF-48CB-8E6E-B233DF583B10} = {59584026-7610-4CD5-A74E-D2B0A2E1CE87}
		{219700F0-5444-4250-87D6-0551B39CA402} = {59584026-7610-4CD5-A74E-D2B0A2E1CE87}
		{F662E15A-8753-468E-A67E-3FCF45F12B89} = {59584026-7610-4CD5-A74E-D2B0A2E1CE87}
		{3173703F-8B1F-4772-9AE3-44913F413FB1} = {59584026-7610-4CD5-A74E-D2B0A2E1CE87}
		{03799AD1-9FCF-48CB-8E6E-B233DF583B11} = {59584026-7610-4CD5-A74E-D2B0A2E1CE87}
		{C129735F-5D4B-40BE-9410-F43E548FFF5E} = {0C4021EF-617B-4620-ADD3-A702B4F9FA86}
		{9E5D6B89-B69B-486B-9F7B-406BE8690589} = {49C7015B-F41A-47A6-8200-B925902E74E9}
		{55545FAB-9C8F-4901-995B-0DDE208F6A54} = {59584026-7610-4CD5-A74E-D2B0A2E1CE87}
		{548A9CCA-F7D5-4548-B178-BE34E3CE1FA8} = {59584026-7610-4CD5-A74E-D2B0A2E1CE87}
	EndGlobalSection
	GlobalSection(ExtensibilityGlobals) = postSolution
		SolutionGuid = {ED68D56C-F9AF-45E9-9609-E8CABC16A3E2}
	EndGlobalSection
EndGlobal
